
Microsoft Visual Studio Solution File, Format Version 11.00
# Visual C++ Express 2010
Project("{8BC9CEB8-8B4A-11D0-8D11-00A0C91BC942}") = "第六章 用函数实现模块化程序设计", "第六章 用函数实现模块化程序设计\第六章 用函数实现模块化程序设计.vcxproj", "{A1E1D03D-A4DD-44F9-8613-A535A37AECDB}"
EndProject
Global
	GlobalSection(SolutionConfigurationPlatforms) = preSolution
		Debug|Win32 = Debug|Win32
		Release|Win32 = Release|Win32
	EndGlobalSection
	GlobalSection(ProjectConfigurationPlatforms) = postSolution
		{A1E1D03D-A4DD-44F9-8613-A535A37AECDB}.Debug|Win32.ActiveCfg = Debug|Win32
		{A1E1D03D-A4DD-44F9-8613-A535A37AECDB}.Debug|Win32.Build.0 = Debug|Win32
		{A1E1D03D-A4DD-44F9-8613-A535A37AECDB}.Release|Win32.ActiveCfg = Release|Win32
		{A1E1D03D-A4DD-44F9-8613-A535A37AECDB}.Release|Win32.Build.0 = Release|Win32
	EndGlobalSection
	GlobalSection(SolutionProperties) = preSolution
		HideSolutionNode = FALSE
	EndGlobalSection
EndGlobal
