
Microsoft Visual Studio Solution File, Format Version 11.00
# Visual C++ Express 2010
Project("{8BC9CEB8-8B4A-11D0-8D11-00A0C91BC942}") = "指针", "指针\指针.vcxproj", "{2BDC0801-E96D-4E17-B2B8-78A9CB553F45}"
EndProject
Global
	GlobalSection(SolutionConfigurationPlatforms) = preSolution
		Debug|Win32 = Debug|Win32
		Release|Win32 = Release|Win32
	EndGlobalSection
	GlobalSection(ProjectConfigurationPlatforms) = postSolution
		{2BDC0801-E96D-4E17-B2B8-78A9CB553F45}.Debug|Win32.ActiveCfg = Debug|Win32
		{2BDC0801-E96D-4E17-B2B8-78A9CB553F45}.Debug|Win32.Build.0 = Debug|Win32
		{2BDC0801-E96D-4E17-B2B8-78A9CB553F45}.Release|Win32.ActiveCfg = Release|Win32
		{2BDC0801-E96D-4E17-B2B8-78A9CB553F45}.Release|Win32.Build.0 = Release|Win32
	EndGlobalSection
	GlobalSection(SolutionProperties) = preSolution
		HideSolutionNode = FALSE
	EndGlobalSection
EndGlobal
